version: 7
platforms:
- name: win-64
environments:
  default:
    channels:
    - url: https://conda.anaconda.org/conda-forge/
    indexes:
    - https://pypi.org/simple
    packages:
      win-64:
      - conda: https://conda.anaconda.org/conda-forge/noarch/ca-certificates-2026.6.17-h4c7d964_0.conda
      - conda: https://conda.anaconda.org/conda-forge/noarch/colorama-0.4.6-pyhd8ed1ab_1.conda
      - conda: https://conda.anaconda.org/conda-forge/noarch/font-ttf-dejavu-sans-mono-2.37-hab24e00_0.tar.bz2
      - conda: https://conda.anaconda.org/conda-forge/noarch/font-ttf-inconsolata-3.000-h77eed37_0.tar.bz2
      - conda: https://conda.anaconda.org/conda-forge/noarch/font-ttf-source-code-pro-2.038-h77eed37_0.tar.bz2
      - conda: https://conda.anaconda.org/conda-forge/noarch/font-ttf-ubuntu-0.83-h77eed37_3.conda
      - conda: https://conda.anaconda.org/conda-forge/noarch/fonts-conda-ecosystem-1-0.tar.bz2
      - conda: https://conda.anaconda.org/conda-forge/noarch/fonts-conda-forge-1-hc364b38_1.conda
      - conda: https://conda.anaconda.org/conda-forge/noarch/loguru-0.7.3-pyh7428d3b_0.conda
      - conda: https://conda.anaconda.org/conda-forge/noarch/pyte-0.8.2-pyhd8ed1ab_0.conda
      - conda: https://conda.anaconda.org/conda-forge/noarch/python_abi-3.12-8_cp312.conda
      - conda: https://conda.anaconda.org/conda-forge/noarch/ruamel.yaml-0.19.1-pyhcf101f3_0.conda
      - conda: https://conda.anaconda.org/conda-forge/noarch/tzdata-2025c-hc9c84f9_1.conda
      - conda: https://conda.anaconda.org/conda-forge/noarch/wcwidth-0.8.1-pyhd8ed1ab_0.conda
      - conda: https://conda.anaconda.org/conda-forge/noarch/win32_setctime-1.2.0-pyhd8ed1ab_0.conda
      - conda: https://conda.anaconda.org/conda-forge/win-64/bzip2-1.0.8-h0ad9c76_9.conda
      - conda: https://conda.anaconda.org/conda-forge/win-64/cairo-1.18.4-h477c42c_1.conda
      - conda: https://conda.anaconda.org/conda-forge/win-64/double-conversion-3.4.0-hac47afa_0.conda
      - conda: https://conda.anaconda.org/conda-forge/win-64/fontconfig-2.18.1-hd47e2ca_0.conda
      - conda: https://conda.anaconda.org/conda-forge/win-64/graphite2-1.3.15-hac47afa_0.conda
      - conda: https://conda.anaconda.org/conda-forge/win-64/harfbuzz-14.2.1-h5a1b470_0.conda
      - conda: https://conda.anaconda.org/conda-forge/win-64/icu-78.3-h637d24d_0.conda
      - conda: https://conda.anaconda.org/conda-forge/win-64/krb5-1.22.2-h719d79b_1.conda
      - conda: https://conda.anaconda.org/conda-forge/win-64/lerc-4.1.0-hd936e49_0.conda
      - conda: https://conda.anaconda.org/conda-forge/win-64/libbrotlicommon-1.2.0-hfd05255_1.conda
      - conda: https://conda.anaconda.org/conda-forge/win-64/libbrotlidec-1.2.0-hfd05255_1.conda
      - conda: https://conda.anaconda.org/conda-forge/win-64/libbrotlienc-1.2.0-hfd05255_1.conda
      - conda: https://conda.anaconda.org/conda-forge/win-64/libclang13-22.1.8-default_ha2db4b5_2.conda
      - conda: https://conda.anaconda.org/conda-forge/win-64/libdeflate-1.25-h51727cc_0.conda
      - conda: https://conda.anaconda.org/conda-forge/win-64/libexpat-2.8.1-hac47afa_1.conda
      - conda: https://conda.anaconda.org/conda-forge/win-64/libffi-3.5.2-h3d046cb_0.conda
      - conda: https://conda.anaconda.org/conda-forge/win-64/libfreetype-2.14.3-h57928b3_1.conda
      - conda: https://conda.anaconda.org/conda-forge/win-64/libfreetype6-2.14.3-hdbac1cb_1.conda
      - conda: https://conda.anaconda.org/conda-forge/win-64/libglib-2.88.1-h7ce1215_2.conda
      - conda: https://conda.anaconda.org/conda-forge/win-64/libiconv-1.18-hc1393d2_2.conda
      - conda: https://conda.anaconda.org/conda-forge/win-64/libintl-0.22.5-h5728263_3.conda
      - conda: https://conda.anaconda.org/conda-forge/win-64/libjpeg-turbo-3.1.4.1-hfd05255_0.conda
      - conda: https://conda.anaconda.org/conda-forge/win-64/liblzma-5.8.3-hfd05255_0.conda
      - conda: https://conda.anaconda.org/conda-forge/win-64/libpng-1.6.58-h7351971_0.conda
      - conda: https://conda.anaconda.org/conda-forge/win-64/libsqlite-3.53.2-hf5d6505_0.conda
      - conda: https://conda.anaconda.org/conda-forge/win-64/libtiff-4.7.1-h8f73337_1.conda
      - conda: https://conda.anaconda.org/conda-forge/win-64/libvulkan-loader-1.4.341.0-h477610d_0.conda
      - conda: https://conda.anaconda.org/conda-forge/win-64/libwebp-base-1.6.0-h4d5522a_0.conda
      - conda: https://conda.anaconda.org/conda-forge/win-64/libxml2-16-2.15.3-h3cfd58e_0.conda
      - conda: https://conda.anaconda.org/conda-forge/win-64/libxml2-2.15.3-h8ef44ab_0.conda
      - conda: https://conda.anaconda.org/conda-forge/win-64/libxslt-1.1.43-h0fbe4c1_1.conda
      - conda: https://conda.anaconda.org/conda-forge/win-64/libzlib-1.3.2-hfd05255_2.conda
      - conda: https://conda.anaconda.org/conda-forge/win-64/openssl-3.6.3-hf411b9b_0.conda
      - conda: https://conda.anaconda.org/conda-forge/win-64/pcre2-10.47-hd2b5f0e_0.conda
      - conda: https://conda.anaconda.org/conda-forge/win-64/pixman-0.46.4-h5112557_1.conda
      - conda: https://conda.anaconda.org/conda-forge/win-64/pyside6-6.11.1-py312ha7d0d2e_1.conda
      - conda: https://conda.anaconda.org/conda-forge/win-64/python-3.12.13-h0159041_0_cpython.conda
      - conda: https://conda.anaconda.org/conda-forge/win-64/qt6-main-6.11.1-pl5321hfcac499_1.conda
      - conda: https://conda.anaconda.org/conda-forge/win-64/ruamel.yaml.clib-0.2.15-py312he5662c2_1.conda
      - conda: https://conda.anaconda.org/conda-forge/win-64/ruff-0.15.18-h45713df_0.conda
      - conda: https://conda.anaconda.org/conda-forge/win-64/tk-8.6.13-h6ed50ae_3.conda
      - conda: https://conda.anaconda.org/conda-forge/win-64/ucrt-10.0.26100.0-h57928b3_0.conda
      - conda: https://conda.anaconda.org/conda-forge/win-64/vc-14.5-h1b7c187_39.conda
      - conda: https://conda.anaconda.org/conda-forge/win-64/vc14_runtime-14.51.36231-h1b9f54f_39.conda
      - conda: https://conda.anaconda.org/conda-forge/win-64/vcomp14-14.51.36231-h1b9f54f_39.conda
      - conda: https://conda.anaconda.org/conda-forge/win-64/zstd-1.5.7-h534d264_6.conda
      - pypi: .
packages:
- conda: https://conda.anaconda.org/conda-forge/noarch/ca-certificates-2026.6.17-h4c7d964_0.conda
  sha256: 7f458e4a82514d7bebbfef23d92817794a16aaf1c748a15f04870d4fb49aeab2
  md5: b9696b2cf00dfeec138c70cee38ed192
  depends:
  - __win
  license: ISC
  purls: []
  run_exports: {}
  size: 129352
  timestamp: 1781709016515
- conda: https://conda.anaconda.org/conda-forge/noarch/colorama-0.4.6-pyhd8ed1ab_1.conda
  sha256: ab29d57dc70786c1269633ba3dff20288b81664d3ff8d21af995742e2bb03287
  md5: 962b9857ee8e7018c22f2776ffa0b2d7
  depends:
  - python >=3.9
  license: BSD-3-Clause
  license_family: BSD
  purls:
  - pkg:pypi/colorama?source=hash-mapping
  run_exports: {}
  size: 27011
  timestamp: 1733218222191
- conda: https://conda.anaconda.org/conda-forge/noarch/font-ttf-dejavu-sans-mono-2.37-hab24e00_0.tar.bz2
  sha256: 58d7f40d2940dd0a8aa28651239adbf5613254df0f75789919c4e6762054403b
  md5: 0c96522c6bdaed4b1566d11387caaf45
  license: BSD-3-Clause
  license_family: BSD
  purls: []
  run_exports: {}
  size: 397370
  timestamp: 1566932522327
- conda: https://conda.anaconda.org/conda-forge/noarch/font-ttf-inconsolata-3.000-h77eed37_0.tar.bz2
  sha256: c52a29fdac682c20d252facc50f01e7c2e7ceac52aa9817aaf0bb83f7559ec5c
  md5: 34893075a5c9e55cdafac56607368fc6
  license: OFL-1.1
  license_family: Other
  purls: []
  run_exports: {}
  size: 96530
  timestamp: 1620479909603
- conda: https://conda.anaconda.org/conda-forge/noarch/font-ttf-source-code-pro-2.038-h77eed37_0.tar.bz2
  sha256: 00925c8c055a2275614b4d983e1df637245e19058d79fc7dd1a93b8d9fb4b139
  md5: 4d59c254e01d9cde7957100457e2d5fb
  license: OFL-1.1
  license_family: Other
  purls: []
  run_exports: {}
  size: 700814
  timestamp: 1620479612257
- conda: https://conda.anaconda.org/conda-forge/noarch/font-ttf-ubuntu-0.83-h77eed37_3.conda
  sha256: 2821ec1dc454bd8b9a31d0ed22a7ce22422c0aef163c59f49dfdf915d0f0ca14
  md5: 49023d73832ef61042f6a237cb2687e7
  license: LicenseRef-Ubuntu-Font-Licence-Version-1.0
  license_family: Other
  purls: []
  run_exports: {}
  size: 1620504
  timestamp: 1727511233259
- conda: https://conda.anaconda.org/conda-forge/noarch/fonts-conda-ecosystem-1-0.tar.bz2
  sha256: a997f2f1921bb9c9d76e6fa2f6b408b7fa549edd349a77639c9fe7a23ea93e61
  md5: fee5683a3f04bd15cbd8318b096a27ab
  depends:
  - fonts-conda-forge
  license: BSD-3-Clause
  license_family: BSD
  purls: []
  run_exports: {}
  size: 3667
  timestamp: 1566974674465
- conda: https://conda.anaconda.org/conda-forge/noarch/fonts-conda-forge-1-hc364b38_1.conda
  sha256: 54eea8469786bc2291cc40bca5f46438d3e062a399e8f53f013b6a9f50e98333
  md5: a7970cd949a077b7cb9696379d338681
  depends:
  - font-ttf-ubuntu
  - font-ttf-inconsolata
  - font-ttf-dejavu-sans-mono
  - font-ttf-source-code-pro
  license: BSD-3-Clause
  license_family: BSD
  purls: []
  run_exports: {}
  size: 4059
  timestamp: 1762351264405
- conda: https://conda.anaconda.org/conda-forge/noarch/loguru-0.7.3-pyh7428d3b_0.conda
  sha256: 647ce9601c1a63af4710a2d718a74fa521da28262c41bbf86189f6c0906b23f6
  md5: a6c25c54d8d524735db2e5785aec0a4e
  depends:
  - __win
  - colorama >=0.3.4
  - python >=3.9
  - win32_setctime >=1.0.0
  license: MIT
  license_family: MIT
  purls:
  - pkg:pypi/loguru?source=hash-mapping
  run_exports: {}
  size: 60119
  timestamp: 1746634872414
- conda: https://conda.anaconda.org/conda-forge/noarch/pyte-0.8.2-pyhd8ed1ab_0.conda
  sha256: 8606142e9c8273e6ef7e6f77edfb5c6498180a7ca8d0665ed6d8311be56ab21b
  md5: b3f61fe14c9e026704d23e3532f097c2
  depends:
  - python >=3.9
  - wcwidth
  license: LGPL-3.0-only
  license_family: LGPL
  purls:
  - pkg:pypi/pyte?source=hash-mapping
  run_exports: {}
  size: 32895
  timestamp: 1740936896509
- conda: https://conda.anaconda.org/conda-forge/noarch/python_abi-3.12-8_cp312.conda
  build_number: 8
  sha256: 80677180dd3c22deb7426ca89d6203f1c7f1f256f2d5a94dc210f6e758229809
  md5: c3efd25ac4d74b1584d2f7a57195ddf1
  constrains:
  - python 3.12.* *_cpython
  license: BSD-3-Clause
  license_family: BSD
  purls: []
  run_exports: {}
  size: 6958
  timestamp: 1752805918820
- conda: https://conda.anaconda.org/conda-forge/noarch/ruamel.yaml-0.19.1-pyhcf101f3_0.conda
  sha256: b48bebe297a63ae60f52e50be328262e880702db4d9b4e86731473ada459c2a1
  md5: 06ad944772941d5dae1e0d09848d8e49
  depends:
  - python >=3.10
  - ruamel.yaml.clib >=0.2.15
  - python
  license: MIT
  license_family: MIT
  purls:
  - pkg:pypi/ruamel-yaml?source=hash-mapping
  run_exports: {}
  size: 98448
  timestamp: 1767538149184
- conda: https://conda.anaconda.org/conda-forge/noarch/tzdata-2025c-hc9c84f9_1.conda
  sha256: 1d30098909076af33a35017eed6f2953af1c769e273a0626a04722ac4acaba3c
  md5: ad659d0a2b3e47e38d829aa8cad2d610
  license: LicenseRef-Public-Domain
  purls: []
  run_exports: {}
  size: 119135
  timestamp: 1767016325805
- conda: https://conda.anaconda.org/conda-forge/noarch/wcwidth-0.8.1-pyhd8ed1ab_0.conda
  sha256: 5ddde23d65aecde7e8dac0b9d9c7821ead2b87a320d787f9e4288c0ee00fa332
  md5: 19c961dd9cab6c3e13cd195f0176dbfa
  depends:
  - python >=3.10
  license: MIT
  license_family: MIT
  purls:
  - pkg:pypi/wcwidth?source=compressed-mapping
  run_exports: {}
  size: 133769
  timestamp: 1780932915297
- conda: https://conda.anaconda.org/conda-forge/noarch/win32_setctime-1.2.0-pyhd8ed1ab_0.conda
  sha256: d7b3128166949d462133d7a86fd8a8d80224dd2ce49cfbdcde9e4b3f8b67bbf2
  md5: e79f83003ee3dba79bf795fcd1bfcc89
  depends:
  - python >=3.9
  license: MIT
  license_family: MIT
  purls:
  - pkg:pypi/win32-setctime?source=hash-mapping
  run_exports: {}
  size: 9751
  timestamp: 1733752552137
- conda: https://conda.anaconda.org/conda-forge/win-64/bzip2-1.0.8-h0ad9c76_9.conda
  sha256: 76dfb71df5e8d1c4eded2dbb5ba15bb8fb2e2b0fe42d94145d5eed4c75c35902
  md5: 4cb8e6b48f67de0b018719cdf1136306
  depends:
  - ucrt >=10.0.20348.0
  - vc >=14.3,<15
  - vc14_runtime >=14.44.35208
  license: bzip2-1.0.6
  license_family: BSD
  purls: []
  run_exports:
    weak:
    - bzip2 >=1.0.8,<2.0a0
  size: 56115
  timestamp: 1771350256444
- conda: https://conda.anaconda.org/conda-forge/win-64/cairo-1.18.4-h477c42c_1.conda
  sha256: 9ee4ad706c5d3e1c6c469785d60e3c2b263eec569be0eac7be33fbaef978bccc
  md5: 52ea1beba35b69852d210242dd20f97d
  depends:
  - fontconfig >=2.15.0,<3.0a0
  - fonts-conda-ecosystem
  - icu >=78.1,<79.0a0
  - libexpat >=2.7.3,<3.0a0
  - libfreetype >=2.14.1
  - libfreetype6 >=2.14.1
  - libglib >=2.86.3,<3.0a0
  - libpng >=1.6.53,<1.7.0a0
  - libzlib >=1.3.1,<2.0a0
  - pixman >=0.46.4,<1.0a0
  - ucrt >=10.0.20348.0
  - vc >=14.3,<15
  - vc14_runtime >=14.44.35208
  license: LGPL-2.1-only or MPL-1.1
  purls: []
  run_exports:
    weak:
    - cairo >=1.18.4,<2.0a0
  size: 1537783
  timestamp: 1766416059188
- conda: https://conda.anaconda.org/conda-forge/win-64/double-conversion-3.4.0-hac47afa_0.conda
  sha256: 09e30a170e0da3e9847d449b594b5e55e6ae2852edd3a3680e05753a5e015605
  md5: 3d3caf4ccc6415023640af4b1b33060a
  depends:
  - ucrt >=10.0.20348.0
  - vc >=14.3,<15
  - vc14_runtime >=14.44.35208
  license: BSD-3-Clause
  license_family: BSD
  purls: []
  run_exports:
    weak:
    - double-conversion >=3.4.0,<3.5.0a0
  size: 70943
  timestamp: 1765193243911
- conda: https://conda.anaconda.org/conda-forge/win-64/fontconfig-2.18.1-hd47e2ca_0.conda
  sha256: 9217184c4a8e82101b0e512b059ae3ff67e3913133b9031edad89ab5341284e4
  md5: abd79bad98c99c1a116154d6de74ea89
  depends:
  - libexpat >=2.8.1,<3.0a0
  - libfreetype >=2.14.3
  - libfreetype6 >=2.14.3
  - libiconv >=1.18,<2.0a0
  - libintl >=0.22.5,<1.0a0
  - libzlib >=1.3.2,<2.0a0
  - ucrt >=10.0.20348.0
  - vc >=14.3,<15
  - vc14_runtime >=14.44.35208
  license: MIT
  license_family: MIT
  purls: []
  run_exports:
    weak:
    - fontconfig >=2.18.1,<3.0a0
    - fonts-conda-ecosystem
  size: 202630
  timestamp: 1780450217840
- conda: https://conda.anaconda.org/conda-forge/win-64/graphite2-1.3.15-hac47afa_0.conda
  sha256: 88b6601f8edae59834b59b521e293ff3b58361dc1603240f5a8328c24e6936ad
  md5: ff9a9bfe791f56b0227597a7651a6af0
  depends:
  - ucrt >=10.0.20348.0
  - vc >=14.3,<15
  - vc14_runtime >=14.44.35208
  license: LGPL-2.0-or-later
  license_family: LGPL
  purls: []
  run_exports:
    weak:
    - graphite2 >=1.3.15,<2.0a0
  size: 97308
  timestamp: 1780454389458
- conda: https://conda.anaconda.org/conda-forge/win-64/harfbuzz-14.2.1-h5a1b470_0.conda
  sha256: 55d6d483e089afe68bdbb38a003d7b76002e65341665b80f38e6ce4b494beef6
  md5: 0bcbb7f911590beec914555c6b82050d
  depends:
  - cairo >=1.18.4,<2.0a0
  - graphite2 >=1.3.14,<2.0a0
  - icu >=78.3,<79.0a0
  - libexpat >=2.8.1,<3.0a0
  - libfreetype >=2.14.3
  - libfreetype6 >=2.14.3
  - libglib >=2.88.1,<3.0a0
  - libzlib >=1.3.2,<2.0a0
  - ucrt >=10.0.20348.0
  - vc >=14.2,<15
  - vc14_runtime >=14.29.30139
  license: MIT
  license_family: MIT
  purls: []
  run_exports:
    weak:
    - harfbuzz >=14.2.1
  size: 1304897
  timestamp: 1780450940279
- conda: https://conda.anaconda.org/conda-forge/win-64/icu-78.3-h637d24d_0.conda
  sha256: 1bda728d70a619731b278c859eda364146cb5b4b8c739a64da8128353d81d1c4
  md5: 0097b24800cb696915c3dbd1f5335d3f
  depends:
  - ucrt >=10.0.20348.0
  - vc >=14.3,<15
  - vc14_runtime >=14.44.35208
  license: MIT
  license_family: MIT
  purls: []
  run_exports:
    weak:
    - icu >=78.3,<79.0a0
  size: 14954024
  timestamp: 1773822508646
- conda: https://conda.anaconda.org/conda-forge/win-64/krb5-1.22.2-h719d79b_1.conda
  sha256: c55745796e762ba9e817ab1fc0f21f1a049e202f90fa762df39578f37923f6c2
  md5: 00335c2c4a98656554771aaf6f1a7400
  depends:
  - openssl >=3.5.7,<4.0a0
  - ucrt >=10.0.20348.0
  - vc >=14.3,<15
  - vc14_runtime >=14.44.35208
  license: MIT
  license_family: MIT
  purls: []
  run_exports:
    weak:
    - krb5 >=1.22.2,<1.23.0a0
  size: 750320
  timestamp: 1781859644591
- conda: https://conda.anaconda.org/conda-forge/win-64/lerc-4.1.0-hd936e49_0.conda
  sha256: 45df58fca800b552b17c3914cc9ab0d55a82c5172d72b5c44a59c710c06c5473
  md5: 54b231d595bc1ff9bff668dd443ee012
  depends:
  - ucrt >=10.0.20348.0
  - vc >=14.3,<15
  - vc14_runtime >=14.44.35208
  license: Apache-2.0
  license_family: Apache
  purls: []
  run_exports:
    weak:
    - lerc >=4.1.0,<5.0a0
  size: 172395
  timestamp: 1773113455582
- conda: https://conda.anaconda.org/conda-forge/win-64/libbrotlicommon-1.2.0-hfd05255_1.conda
  sha256: 5097303c2fc8ebf9f9ea9731520aa5ce4847d0be41764edd7f6dee2100b82986
  md5: 444b0a45bbd1cb24f82eedb56721b9c4
  depends:
  - ucrt >=10.0.20348.0
  - vc >=14.3,<15
  - vc14_runtime >=14.44.35208
  license: MIT
  license_family: MIT
  purls: []
  run_exports:
    weak:
    - libbrotlicommon >=1.2.0,<1.3.0a0
  size: 82042
  timestamp: 1764017799966
- conda: https://conda.anaconda.org/conda-forge/win-64/libbrotlidec-1.2.0-hfd05255_1.conda
  sha256: 3239ce545cf1c32af6fffb7fc7c75cb1ef5b6ea8221c66c85416bb2d46f5cccb
  md5: 450e3ae947fc46b60f1d8f8f318b40d4
  depends:
  - libbrotlicommon 1.2.0 hfd05255_1
  - ucrt >=10.0.20348.0
  - vc >=14.3,<15
  - vc14_runtime >=14.44.35208
  license: MIT
  license_family: MIT
  purls: []
  run_exports:
    weak:
    - libbrotlidec >=1.2.0,<1.3.0a0
  size: 34449
  timestamp: 1764017851337
- conda: https://conda.anaconda.org/conda-forge/win-64/libbrotlienc-1.2.0-hfd05255_1.conda
  sha256: 3226df6b7df98734440739f75527d585d42ca2bfe912fbe8d1954c512f75341a
  md5: ccd93cfa8e54fd9df4e83dbe55ff6e8c
  depends:
  - libbrotlicommon 1.2.0 hfd05255_1
  - ucrt >=10.0.20348.0
  - vc >=14.3,<15
  - vc14_runtime >=14.44.35208
  license: MIT
  license_family: MIT
  purls: []
  run_exports:
    weak:
    - libbrotlienc >=1.2.0,<1.3.0a0
  size: 252903
  timestamp: 1764017901735
- conda: https://conda.anaconda.org/conda-forge/win-64/libclang13-22.1.8-default_ha2db4b5_2.conda
  sha256: 1a2ead8255567347e6f9b2e941e07a1bcf3ce061d94d51f1b7d88089cd1a9552
  md5: 45a2834578a5f167258aa109af48b036
  depends:
  - libzlib >=1.3.2,<2.0a0
  - ucrt >=10.0.20348.0
  - vc >=14.3,<15
  - vc14_runtime >=14.44.35208
  - zstd >=1.5.7,<1.6.0a0
  license: Apache-2.0 WITH LLVM-exception
  license_family: Apache
  purls: []
  run_exports:
    weak:
    - libclang13 >=22.1.8
  size: 30487117
  timestamp: 1781848941933
- conda: https://conda.anaconda.org/conda-forge/win-64/libdeflate-1.25-h51727cc_0.conda
  sha256: 834e4881a18b690d5ec36f44852facd38e13afe599e369be62d29bd675f107ee
  md5: e77030e67343e28b084fabd7db0ce43e
  depends:
  - ucrt >=10.0.20348.0
  - vc >=14.3,<15
  - vc14_runtime >=14.44.35208
  license: MIT
  license_family: MIT
  purls: []
  run_exports:
    weak:
    - libdeflate >=1.25,<1.26.0a0
  size: 156818
  timestamp: 1761979842440
- conda: https://conda.anaconda.org/conda-forge/win-64/libexpat-2.8.1-hac47afa_1.conda
  sha256: 1a54d874addda73b6f7164d5f3905821277a1831bcc05edd74b3085391688571
  md5: ccc490c81ffe14181861beac0e8f3169
  depends:
  - ucrt >=10.0.20348.0
  - vc >=14.3,<15
  - vc14_runtime >=14.44.35208
  constrains:
  - expat 2.8.1.*
  license: MIT
  license_family: MIT
  purls: []
  run_exports: {}
  size: 71631
  timestamp: 1781203724164
- conda: https://conda.anaconda.org/conda-forge/win-64/libffi-3.5.2-h3d046cb_0.conda
  sha256: 59d01f2dfa8b77491b5888a5ab88ff4e1574c9359f7e229da254cdfe27ddc190
  md5: 720b39f5ec0610457b725eb3f396219a
  depends:
  - ucrt >=10.0.20348.0
  - vc >=14.3,<15
  - vc14_runtime >=14.44.35208
  license: MIT
  license_family: MIT
  purls: []
  run_exports:
    weak:
    - libffi >=3.5.2,<3.6.0a0
  size: 45831
  timestamp: 1769456418774
- conda: https://conda.anaconda.org/conda-forge/win-64/libfreetype-2.14.3-h57928b3_1.conda
  sha256: 035d0c67bf9f7a16f4a1764f420c120f1a995d071bb265fcc66ef688ef709d7b
  md5: e45b52fb9a81c9e2708465a706e05952
  depends:
  - libfreetype6 >=2.14.3
  license: GPL-2.0-only OR FTL
  purls: []
  run_exports: {}
  size: 8711
  timestamp: 1780934891782
- conda: https://conda.anaconda.org/conda-forge/win-64/libfreetype6-2.14.3-hdbac1cb_1.conda
  sha256: 0bbd19c9f7c4d0232b31892e6a4d1f82b8d19d1b84d89725f1f491b336447758
  md5: 4e4d54f9f98383d977ba56ef39ebf46d
  depends:
  - libpng >=1.6.58,<1.7.0a0
  - libzlib >=1.3.2,<2.0a0
  - ucrt >=10.0.20348.0
  - vc >=14.3,<15
  - vc14_runtime >=14.44.35208
  constrains:
  - freetype >=2.14.3
  license: GPL-2.0-only OR FTL
  purls: []
  run_exports: {}
  size: 340411
  timestamp: 1780934813224
- conda: https://conda.anaconda.org/conda-forge/win-64/libglib-2.88.1-h7ce1215_2.conda
  sha256: f61277e224e9889c221bb2eac0f57d5aeeb82fc45d3dc326957d251c97444f7c
  md5: 5fb838786a8317ebb38056bbe236d3ff
  depends:
  - vc >=14.3,<15
  - vc14_runtime >=14.44.35208
  - ucrt >=10.0.20348.0
  - libiconv >=1.18,<2.0a0
  - libzlib >=1.3.2,<2.0a0
  - pcre2 >=10.47,<10.48.0a0
  - libintl >=0.22.5,<1.0a0
  - libffi >=3.5.2,<3.6.0a0
  constrains:
  - glib >2.66
  license: LGPL-2.1-or-later
  purls: []
  run_exports:
    weak:
    - libglib >=2.88.1,<3.0a0
  size: 4522891
  timestamp: 1778508851933
- conda: https://conda.anaconda.org/conda-forge/win-64/libiconv-1.18-hc1393d2_2.conda
  sha256: 0dcdb1a5f01863ac4e8ba006a8b0dc1a02d2221ec3319b5915a1863254d7efa7
  md5: 64571d1dd6cdcfa25d0664a5950fdaa2
  depends:
  - ucrt >=10.0.20348.0
  - vc >=14.3,<15
  - vc14_runtime >=14.44.35208
  license: LGPL-2.1-only
  purls: []
  run_exports:
    weak:
    - libiconv >=1.18,<2.0a0
  size: 696926
  timestamp: 1754909290005
- conda: https://conda.anaconda.org/conda-forge/win-64/libintl-0.22.5-h5728263_3.conda
  sha256: c7e4600f28bcada8ea81456a6530c2329312519efcf0c886030ada38976b0511
  md5: 2cf0cf76cc15d360dfa2f17fd6cf9772
  depends:
  - libiconv >=1.17,<2.0a0
  license: LGPL-2.1-or-later
  purls: []
  run_exports:
    weak:
    - libintl >=0.22.5,<1.0a0
  size: 95568
  timestamp: 1723629479451
- conda: https://conda.anaconda.org/conda-forge/win-64/libjpeg-turbo-3.1.4.1-hfd05255_0.conda
  sha256: 698d57b5b90120270eaa401298319fcb25ea186ae95b340c2f4813ed9171083d
  md5: 25a127bad5470852b30b239f030ec95b
  depends:
  - ucrt >=10.0.20348.0
  - vc >=14.3,<15
  - vc14_runtime >=14.44.35208
  constrains:
  - jpeg <0.0.0a
  license: IJG AND BSD-3-Clause AND Zlib
  purls: []
  run_exports:
    weak:
    - libjpeg-turbo >=3.1.4.1,<4.0a0
  size: 842806
  timestamp: 1775962811457
- conda: https://conda.anaconda.org/conda-forge/win-64/liblzma-5.8.3-hfd05255_0.conda
  sha256: d636d1a25234063642f9c531a7bb58d84c1c496411280a36ea000bd122f078f1
  md5: 8f83619ab1588b98dd99c90b0bfc5c6d
  depends:
  - ucrt >=10.0.20348.0
  - vc >=14.3,<15
  - vc14_runtime >=14.44.35208
  constrains:
  - xz 5.8.3.*
  license: 0BSD
  purls: []
  run_exports:
    weak:
    - liblzma >=5.8.3,<6.0a0
  size: 106486
  timestamp: 1775825663227
- conda: https://conda.anaconda.org/conda-forge/win-64/libpng-1.6.58-h7351971_0.conda
  sha256: 218913aeee391460bd0e341b834dbd9c6fa6ae0a4276c0c300266cc99a816a28
  md5: 52f1280563f3b48b5f75414cd2d15dd1
  depends:
  - vc >=14.3,<15
  - vc14_runtime >=14.44.35208
  - ucrt >=10.0.20348.0
  - libzlib >=1.3.2,<2.0a0
  license: zlib-acknowledgement
  purls: []
  run_exports:
    weak:
    - libpng >=1.6.58,<1.7.0a0
  size: 385227
  timestamp: 1776315248638
- conda: https://conda.anaconda.org/conda-forge/win-64/libsqlite-3.53.2-hf5d6505_0.conda
  sha256: 4cd81319dcc58fb758da20a6d5595950c021adc2c18d7cffeadcfb590529629f
  md5: df294e7f9f24a6063f0e226f4d028fda
  depends:
  - ucrt >=10.0.20348.0
  - vc >=14.3,<15
  - vc14_runtime >=14.44.35208
  license: blessing
  purls: []
  run_exports:
    weak:
    - libsqlite >=3.53.2,<4.0a0
  size: 1313306
  timestamp: 1780574491977
- conda: https://conda.anaconda.org/conda-forge/win-64/libtiff-4.7.1-h8f73337_1.conda
  sha256: f1b8cccaaeea38a28b9cd496694b2e3d372bb5be0e9377c9e3d14b330d1cba8a
  md5: 549845d5133100142452812feb9ba2e8
  depends:
  - lerc >=4.0.0,<5.0a0
  - libdeflate >=1.25,<1.26.0a0
  - libjpeg-turbo >=3.1.0,<4.0a0
  - liblzma >=5.8.1,<6.0a0
  - libzlib >=1.3.1,<2.0a0
  - ucrt >=10.0.20348.0
  - vc >=14.3,<15
  - vc14_runtime >=14.44.35208
  - zstd >=1.5.7,<1.6.0a0
  license: HPND
  purls: []
  run_exports:
    weak:
    - libtiff >=4.7.1,<4.8.0a0
  size: 993166
  timestamp: 1762022118895
- conda: https://conda.anaconda.org/conda-forge/win-64/libvulkan-loader-1.4.341.0-h477610d_0.conda
  sha256: 0f0965edca8b255187604fc7712c53fe9064b31a1845a7dfb2b63bf660de84a7
  md5: 804880b2674119b84277d6c16b01677d
  depends:
  - vc >=14.3,<15
  - vc14_runtime >=14.44.35208
  - ucrt >=10.0.20348.0
  constrains:
  - libvulkan-headers 1.4.341.0.*
  license: Apache-2.0
  license_family: APACHE
  purls: []
  run_exports:
    weak:
    - libvulkan-loader >=1.4.341.0,<2.0a0
  size: 282251
  timestamp: 1770077165680
- conda: https://conda.anaconda.org/conda-forge/win-64/libwebp-base-1.6.0-h4d5522a_0.conda
  sha256: 7b6316abfea1007e100922760e9b8c820d6fc19df3f42fb5aca684cfacb31843
  md5: f9bbae5e2537e3b06e0f7310ba76c893
  depends:
  - ucrt >=10.0.20348.0
  - vc >=14.3,<15
  - vc14_runtime >=14.44.35208
  constrains:
  - libwebp 1.6.0
  license: BSD-3-Clause
  license_family: BSD
  purls: []
  run_exports:
    weak:
    - libwebp-base >=1.6.0,<2.0a0
  size: 279176
  timestamp: 1752159543911
- conda: https://conda.anaconda.org/conda-forge/win-64/libxml2-16-2.15.3-h3cfd58e_0.conda
  sha256: 3b61ee3caba702d2ff432fa3920835db963026e5c99c4e6fdca0c6114f59e7ce
  md5: 9e8dd0d90ed830107b2c36801035b7db
  depends:
  - icu >=78.3,<79.0a0
  - libiconv >=1.18,<2.0a0
  - liblzma >=5.8.3,<6.0a0
  - libzlib >=1.3.2,<2.0a0
  - ucrt >=10.0.20348.0
  - vc >=14.3,<15
  - vc14_runtime >=14.44.35208
  constrains:
  - libxml2 2.15.3
  license: MIT
  license_family: MIT
  purls: []
  run_exports: {}
  size: 519871
  timestamp: 1776376969852
- conda: https://conda.anaconda.org/conda-forge/win-64/libxml2-2.15.3-h8ef44ab_0.conda
  sha256: a4599c6bbbbdd7db570896e520c557eec8e66d94e839a59d17dc1f24a3d5f82b
  md5: 95591ca5671d2213f5b2d5aa7818420d
  depends:
  - icu >=78.3,<79.0a0
  - libiconv >=1.18,<2.0a0
  - liblzma >=5.8.3,<6.0a0
  - libxml2-16 2.15.3 h3cfd58e_0
  - libzlib >=1.3.2,<2.0a0
  - ucrt >=10.0.20348.0
  - vc >=14.3,<15
  - vc14_runtime >=14.44.35208
  license: MIT
  license_family: MIT
  purls: []
  run_exports:
    weak:
    - libxml2
    - libxml2-16 >=2.15.3
  size: 43684
  timestamp: 1776376992865
- conda: https://conda.anaconda.org/conda-forge/win-64/libxslt-1.1.43-h0fbe4c1_1.conda
  sha256: 13da38939c2c20e7112d683ab6c9f304bfaf06230a2c6a7cf00359da1a003ec7
  md5: 46034d9d983edc21e84c0b36f1b4ba61
  depends:
  - libxml2
  - libxml2-16 >=2.14.6
  - ucrt >=10.0.20348.0
  - vc >=14.3,<15
  - vc14_runtime >=14.44.35208
  license: MIT
  license_family: MIT
  purls: []
  run_exports:
    weak:
    - libxslt >=1.1.43,<2.0a0
  size: 420223
  timestamp: 1757963935611
- conda: https://conda.anaconda.org/conda-forge/win-64/libzlib-1.3.2-hfd05255_2.conda
  sha256: 88609816e0cc7452bac637aaf65783e5edf4fee8a9f8e22bdc3a75882c536061
  md5: dbabbd6234dea34040e631f87676292f
  depends:
  - ucrt >=10.0.20348.0
  - vc >=14.3,<15
  - vc14_runtime >=14.44.35208
  constrains:
  - zlib 1.3.2 *_2
  license: Zlib
  license_family: Other
  purls: []
  run_exports:
    weak:
    - libzlib >=1.3.2,<2.0a0
  size: 58347
  timestamp: 1774072851498
- conda: https://conda.anaconda.org/conda-forge/win-64/openssl-3.6.3-hf411b9b_0.conda
  sha256: cb6e7ba0d010ee0d3249ce9886de3d7613d26d9965d4c95666fa66b9c4c31001
  md5: e99f95734a326c0fd4d02bbd995150d4
  depends:
  - ca-certificates
  - ucrt >=10.0.20348.0
  - vc >=14.3,<15
  - vc14_runtime >=14.44.35208
  license: Apache-2.0
  license_family: Apache
  purls: []
  run_exports:
    weak:
    - openssl >=3.6.3,<4.0a0
  size: 9414790
  timestamp: 1781071745579
- conda: https://conda.anaconda.org/conda-forge/win-64/pcre2-10.47-hd2b5f0e_0.conda
  sha256: 3e9e02174edf02cb4bcdd75668ad7b74b8061791a3bc8bdb8a52ae336761ba3e
  md5: 77eaf2336f3ae749e712f63e36b0f0a1
  depends:
  - bzip2 >=1.0.8,<2.0a0
  - libzlib >=1.3.1,<2.0a0
  - ucrt >=10.0.20348.0
  - vc >=14.3,<15
  - vc14_runtime >=14.44.35208
  license: BSD-3-Clause
  license_family: BSD
  purls: []
  run_exports:
    weak:
    - pcre2 >=10.47,<10.48.0a0
  size: 995992
  timestamp: 1763655708300
- conda: https://conda.anaconda.org/conda-forge/win-64/pixman-0.46.4-h5112557_1.conda
  sha256: 246fce4706b3f8b247a7d6142ba8d732c95263d3c96e212b9d63d6a4ab4aff35
  md5: 08c8fa3b419df480d985e304f7884d35
  depends:
  - vc >=14.3,<15
  - vc14_runtime >=14.44.35208
  - ucrt >=10.0.20348.0
  - vc >=14.3,<15
  - vc14_runtime >=14.44.35208
  - ucrt >=10.0.20348.0
  license: MIT
  license_family: MIT
  purls: []
  run_exports:
    weak:
    - pixman >=0.46.4,<1.0a0
  size: 542795
  timestamp: 1754665193489
- conda: https://conda.anaconda.org/conda-forge/win-64/pyside6-6.11.1-py312ha7d0d2e_1.conda
  sha256: 3b74e218df8f1e44599fcec686b50daa13214949087a109beca54db5a2db344e
  md5: 08cd4cab6c22ee97776628d6c8292092
  depends:
  - python
  - qt6-main 6.11.1.*
  - vc >=14.3,<15
  - vc14_runtime >=14.44.35208
  - ucrt >=10.0.20348.0
  - libvulkan-loader >=1.4.341.0,<2.0a0
  - python_abi 3.12.* *_cp312
  - qt6-main >=6.11.1,<6.12.0a0
  - libxml2
  - libxml2-16 >=2.14.6
  - libxslt >=1.1.43,<2.0a0
  - libclang13 >=22.1.5
  license: LGPL-3.0-only
  license_family: LGPL
  purls:
  - pkg:pypi/pyside6?source=compressed-mapping
  run_exports: {}
  size: 11575248
  timestamp: 1778933918611
- conda: https://conda.anaconda.org/conda-forge/win-64/python-3.12.13-h0159041_0_cpython.conda
  sha256: a02b446d8b7b167b61733a3de3be5de1342250403e72a63b18dac89e99e6180e
  md5: 2956dff38eb9f8332ad4caeba941cfe7
  depends:
  - bzip2 >=1.0.8,<2.0a0
  - libexpat >=2.7.4,<3.0a0
  - libffi >=3.5.2,<3.6.0a0
  - liblzma >=5.8.2,<6.0a0
  - libsqlite >=3.51.2,<4.0a0
  - libzlib >=1.3.1,<2.0a0
  - openssl >=3.5.5,<4.0a0
  - tk >=8.6.13,<8.7.0a0
  - tzdata
  - ucrt >=10.0.20348.0
  - vc >=14.3,<15
  - vc14_runtime >=14.44.35208
  constrains:
  - python_abi 3.12.* *_cp312
  license: Python-2.0
  purls: []
  run_exports:
    weak:
    - python_abi 3.12.* *_cp312
    noarch:
    - python
  size: 15840187
  timestamp: 1772728877265
- conda: https://conda.anaconda.org/conda-forge/win-64/qt6-main-6.11.1-pl5321hfcac499_1.conda
  sha256: c0f0552a879e18282799431c7d2769b269839ac3b3735082e754df3c6fa0728d
  md5: a8d735f3faf356a24acf9eea0a940a0f
  depends:
  - vc >=14.3,<15
  - vc14_runtime >=14.44.35208
  - ucrt >=10.0.20348.0
  - krb5 >=1.22.2,<1.23.0a0
  - libglib >=2.88.1,<3.0a0
  - libpng >=1.6.58,<1.7.0a0
  - double-conversion >=3.4.0,<3.5.0a0
  - libbrotlicommon >=1.2.0,<1.3.0a0
  - libbrotlienc >=1.2.0,<1.3.0a0
  - libbrotlidec >=1.2.0,<1.3.0a0
  - libwebp-base >=1.6.0,<2.0a0
  - openssl >=3.5.6,<4.0a0
  - icu >=78.3,<79.0a0
  - libjpeg-turbo >=3.1.4.1,<4.0a0
  - pcre2 >=10.47,<10.48.0a0
  - libzlib >=1.3.2,<2.0a0
  - zstd >=1.5.7,<1.6.0a0
  - libfreetype >=2.14.3
  - libfreetype6 >=2.14.3
  - libvulkan-loader >=1.4.341.0,<2.0a0
  - libtiff >=4.7.1,<4.8.0a0
  - libsqlite >=3.53.1,<4.0a0
  - harfbuzz >=14.2.0
  constrains:
  - qt ==6.11.1
  license: LGPL-3.0-only
  license_family: LGPL
  purls: []
  run_exports:
    weak:
    - qt6-main >=6.11.1,<7.0a0
  size: 89576886
  timestamp: 1780400596481
- conda: https://conda.anaconda.org/conda-forge/win-64/ruamel.yaml.clib-0.2.15-py312he5662c2_1.conda
  sha256: a28bd33ef3380c44632d6ead75a6ec170e135f18941f4b1d77f1cc1b24c1dc02
  md5: cc0977464335ea5c2e5ee3d00458e0c2
  depends:
  - python
  - vc >=14.3,<15
  - vc14_runtime >=14.44.35208
  - ucrt >=10.0.20348.0
  - python_abi 3.12.* *_cp312
  license: MIT
  license_family: MIT
  purls:
  - pkg:pypi/ruamel-yaml-clib?source=hash-mapping
  run_exports: {}
  size: 105961
  timestamp: 1766159551536
- conda: https://conda.anaconda.org/conda-forge/win-64/ruff-0.15.18-h45713df_0.conda
  noarch: python
  sha256: 9451b30d319ef03ed54070df4c07c8d3a30357402dd55dd1ed95d71d056cd435
  md5: add415a8c40b703e594834b07931c91f
  depends:
  - python
  - vc >=14.3,<15
  - vc14_runtime >=14.44.35208
  - ucrt >=10.0.20348.0
  license: MIT
  license_family: MIT
  purls:
  - pkg:pypi/ruff?source=compressed-mapping
  run_exports: {}
  size: 9890505
  timestamp: 1781846586621
- conda: https://conda.anaconda.org/conda-forge/win-64/tk-8.6.13-h6ed50ae_3.conda
  sha256: 0e79810fae28f3b69fe7391b0d43f5474d6bd91d451d5f2bde02f55ae481d5e3
  md5: 0481bfd9814bf525bd4b3ee4b51494c4
  depends:
  - ucrt >=10.0.20348.0
  - vc >=14.3,<15
  - vc14_runtime >=14.44.35208
  license: TCL
  license_family: BSD
  purls: []
  run_exports:
    weak:
    - tk >=8.6.13,<8.7.0a0
  size: 3526350
  timestamp: 1769460339384
- conda: https://conda.anaconda.org/conda-forge/win-64/ucrt-10.0.26100.0-h57928b3_0.conda
  sha256: 3005729dce6f3d3f5ec91dfc49fc75a0095f9cd23bab49efb899657297ac91a5
  md5: 71b24316859acd00bdb8b38f5e2ce328
  constrains:
  - vc14_runtime >=14.29.30037
  - vs2015_runtime >=14.29.30037
  license: LicenseRef-MicrosoftWindowsSDK10
  purls: []
  run_exports: {}
  size: 694692
  timestamp: 1756385147981
- conda: https://conda.anaconda.org/conda-forge/win-64/vc-14.5-h1b7c187_39.conda
  sha256: 17693b60cb54f80c60275f003f3bfc1b128af56dbfd65c4fae37c64eeb755ce1
  md5: 2eacea63f545b97342da520df6854276
  depends:
  - vc14_runtime >=14.51.36231
  track_features:
  - vc14
  license: BSD-3-Clause
  license_family: BSD
  purls: []
  run_exports: {}
  size: 20362
  timestamp: 1781320968457
- conda: https://conda.anaconda.org/conda-forge/win-64/vc14_runtime-14.51.36231-h1b9f54f_39.conda
  sha256: 8153ed849c92e891eacac0f2f8d7ecb79f9b5fd7f7917fbb896f252a60a40390
  md5: 06a5bf5a1ca16cce0df6eaa91fc42bc2
  depends:
  - ucrt >=10.0.20348.0
  - vcomp14 14.51.36231 h1b9f54f_39
  constrains:
  - vs2015_runtime 14.51.36231.* *_39
  license: LicenseRef-MicrosoftVisualCpp2015-2022Runtime
  license_family: Proprietary
  purls: []
  run_exports: {}
  size: 737434
  timestamp: 1781320964561
- conda: https://conda.anaconda.org/conda-forge/win-64/vcomp14-14.51.36231-h1b9f54f_39.conda
  sha256: 07fb14713c4bc62e2533a2e23a363abfb0e65650681fba0ae4c840e2219350f3
  md5: 8b53a83fda40ec679e4d63fa32fae989
  depends:
  - ucrt >=10.0.20348.0
  constrains:
  - vs2015_runtime 14.51.36231.* *_39
  license: LicenseRef-MicrosoftVisualCpp2015-2022Runtime
  license_family: Proprietary
  purls: []
  run_exports:
    strong:
    - vcomp14 >=14.51.36231
  size: 120684
  timestamp: 1781320948530
- conda: https://conda.anaconda.org/conda-forge/win-64/zstd-1.5.7-h534d264_6.conda
  sha256: 368d8628424966fd8f9c8018326a9c779e06913dd39e646cf331226acc90e5b2
  md5: 053b84beec00b71ea8ff7a4f84b55207
  depends:
  - vc >=14.3,<15
  - vc14_runtime >=14.44.35208
  - ucrt >=10.0.20348.0
  - libzlib >=1.3.1,<2.0a0
  license: BSD-3-Clause
  license_family: BSD
  purls: []
  run_exports:
    weak:
    - zstd >=1.5.7,<1.6.0a0
  size: 388453
  timestamp: 1764777142545
- pypi: .
  name: raggui
  requires_python: '>=3.11'
